
Microsoft Visual Studio Solution File, Format Version 12.00
# Visual Studio Version 16
VisualStudioVersion = 16.0.31729.503
MinimumVisualStudioVersion = 10.0.40219.1
Project("{FAE04EC0-301F-11D3-BF4B-00C04F79EFBC}") = "Udemy.EfCore", "Udemy.EfCore.csproj", "{7C67DCE4-1EC0-47C6-AA14-6925E29C8DBE}"
EndProject
Global
	GlobalSection(SolutionConfigurationPlatforms) = preSolution
		Debug|Any CPU = Debug|Any CPU
		Release|Any CPU = Release|Any CPU
	EndGlobalSection
	GlobalSection(ProjectConfigurationPlatforms) = postSolution
		{7C67DCE4-1EC0-47C6-AA14-6925E29C8DBE}.Debug|Any CPU.ActiveCfg = Debug|Any CPU
		{7C67DCE4-1EC0-47C6-AA14-6925E29C8DBE}.Debug|Any CPU.Build.0 = Debug|Any CPU
		{7C67DCE4-1EC0-47C6-AA14-6925E29C8DBE}.Release|Any CPU.ActiveCfg = Release|Any CPU
		{7C67DCE4-1EC0-47C6-AA14-6925E29C8DBE}.Release|Any CPU.Build.0 = Release|Any CPU
	EndGlobalSection
	GlobalSection(SolutionProperties) = preSolution
		HideSolutionNode = FALSE
	EndGlobalSection
	GlobalSection(ExtensibilityGlobals) = postSolution
		SolutionGuid = {5C7F00E3-52EE-41A5-A815-FD2E9F8A5940}
	EndGlobalSection
EndGlobal
